PODS:
  - Alamofire (4.8.1)
  - Bolts (1.9.0):
    - Bolts/AppLinks (= 1.9.0)
    - Bolts/Tasks (= 1.9.0)
  - Bolts/AppLinks (1.9.0):
    - Bolts/Tasks
  - Bolts/Tasks (1.9.0)
  - CalendarKit (0.5.1):
    - DateToolsSwift
    - Neon
  - DateToolsSwift (4.0.0)
  - FBSDKCoreKit (4.40.0):
    - Bolts (~> 1.9)
  - FBSDKLoginKit (4.40.0):
    - FBSDKCoreKit
  - FBSDKShareKit (4.40.0):
    - FBSDKCoreKit
  - FSCalendar (2.8.0)
  - GoogleSignIn (4.4.0):
    - "GoogleToolboxForMac/NSDictionary+URLArguments (~> 2.1)"
    - "GoogleToolboxForMac/NSString+URLArguments (~> 2.1)"
    - GTMSessionFetcher/Core (~> 1.1)
  - GoogleToolboxForMac/DebugUtils (2.2.0):
    - GoogleToolboxForMac/Defines (= 2.2.0)
  - GoogleToolboxForMac/Defines (2.2.0)
  - "GoogleToolboxForMac/NSDictionary+URLArguments (2.2.0)":
    - GoogleToolboxForMac/DebugUtils (= 2.2.0)
    - GoogleToolboxForMac/Defines (= 2.2.0)
    - "GoogleToolboxForMac/NSString+URLArguments (= 2.2.0)"
  - "GoogleToolboxForMac/NSString+URLArguments (2.2.0)"
  - GTMSessionFetcher/Core (1.2.1)
  - Kingfisher (5.1.1)
  - Neon (0.4.0)
  - SwiftyJSON (4.2.0)

DEPENDENCIES:
  - Alamofire (~> 4.3)
  - CalendarKit
  - FBSDKCoreKit
  - FBSDKLoginKit
  - FBSDKShareKit
  - FSCalendar
  - GoogleSignIn
  - Kingfisher
  - SwiftyJSON (~> 4.0)

SPEC REPOS:
  https://github.com/cocoapods/specs.git:
    - Alamofire
    - Bolts
    - CalendarKit
    - DateToolsSwift
    - FBSDKCoreKit
    - FBSDKLoginKit
    - FBSDKShareKit
    - FSCalendar
    - GoogleSignIn
    - GoogleToolboxForMac
    - GTMSessionFetcher
    - Kingfisher
    - Neon
    - SwiftyJSON

SPEC CHECKSUMS:
  Alamofire: 16ce2c353fb72865124ddae8a57c5942388f4f11
  Bolts: ac6567323eac61e203f6a9763667d0f711be34c8
  CalendarKit: c9d69204e97226a2da3e6b99dfbe35a57f205c1e
  DateToolsSwift: 875d97ff9e3a5d54abdd67a269b3f51c757b71ab
  FBSDKCoreKit: ae214474b25033399c131dc81d258e412582a2ba
  FBSDKLoginKit: 7a1e411d46acc8834588eca437daf34de42e1d52
  FBSDKShareKit: 0e45916f4150da485928ae2a17ca021950b194f5
  FSCalendar: 3a5ed3636e2ba1b83ebebfcf0c2603105a6f5efe
  GoogleSignIn: 7ff245e1a7b26d379099d3243a562f5747e23d39
  GoogleToolboxForMac: ff31605b7d66400dcec09bed5861689aebadda4d
  GTMSessionFetcher: 32aeca0aa144acea523e1c8e053089dec2cb98ca
  Kingfisher: 2558186963e5be42d98c5b110ccb3130148b77e4
  Neon: 7fb5a9327e7e57911843f608e08f4893a74deaf9
  SwiftyJSON: c4bcba26dd9ec7a027fc8eade48e2c911f229e96

PODFILE CHECKSUM: f0461c1dba16b9e336e06060292b689a7d850b2e

COCOAPODS: 1.6.0
